
Microsoft Visual Studio Solution File, Format Version 12.00
# Visual Studio Version 17
VisualStudioVersion = 17.4.33103.184
MinimumVisualStudioVersion = 10.0.40219.1
Project("{FAE04EC0-301F-11D3-BF4B-00C04F79EFBC}") = "Lab04_Pakhomov", "Lab04_Pakhomov\Lab04_Pakhomov.csproj", "{98FF8454-F27E-48C9-8C7F-9ED775DC841D}"
EndProject
Global
	GlobalSection(SolutionConfigurationPlatforms) = preSolution
		Debug|Any CPU = Debug|Any CPU
		Release|Any CPU = Release|Any CPU
	EndGlobalSection
	GlobalSection(ProjectConfigurationPlatforms) = postSolution
		{98FF8454-F27E-48C9-8C7F-9ED775DC841D}.Debug|Any CPU.ActiveCfg = Debug|Any CPU
		{98FF8454-F27E-48C9-8C7F-9ED775DC841D}.Debug|Any CPU.Build.0 = Debug|Any CPU
		{98FF8454-F27E-48C9-8C7F-9ED775DC841D}.Release|Any CPU.ActiveCfg = Release|Any CPU
		{98FF8454-F27E-48C9-8C7F-9ED775DC841D}.Release|Any CPU.Build.0 = Release|Any CPU
	EndGlobalSection
	GlobalSection(SolutionProperties) = preSolution
		HideSolutionNode = FALSE
	EndGlobalSection
	GlobalSection(ExtensibilityGlobals) = postSolution
		SolutionGuid = {D99EFC34-67C3-4223-B5CD-9A8AC433EE94}
	EndGlobalSection
EndGlobal
